// !$*UTF8*$!
{
	archiveVersion = 1;
	classes = {
	};
	objectVersion = 46;
	objects = {

/* Begin PBXBuildFile section */
		D74C35C91BB8D8AA007B081B /* AppDelegate.swift in Sources */ = {isa = PBXBuildFile; fileRef = D74C35C81BB8D8AA007B081B /* AppDelegate.swift */; };
		D74C35CB1BB8D8AA007B081B /* ViewController.swift in Sources */ = {isa = PBXBuildFile; fileRef = D74C35CA1BB8D8AA007B081B /* ViewController.swift */; };
		D74C35CE1BB8D8AA007B081B /* Main.storyboard in Resources */ = {isa = PBXBuildFile; fileRef = D74C35CC1BB8D8AA007B081B /* Main.storyboard */; };
		D74C35D01BB8D8AA007B081B /* Assets.xcassets in Resources */ = {isa = PBXBuildFile; fileRef = D74C35CF1BB8D8AA007B081B /* Assets.xcassets */; };
		D74C35D31BB8D8AA007B081B /* LaunchScreen.storyboard in Resources */ = {isa = PBXBuildFile; fileRef = D74C35D11BB8D8AA007B081B /* LaunchScreen.storyboard */; };
		D74C35DE1BB8D8AA007B081B /* MemeMeTests.swift in Sources */ = {isa = PBXBuildFile; fileRef = D74C35DD1BB8D8AA007B081B /* MemeMeTests.swift */; };
		D74C35E91BB8D8AA007B081B /* MemeMeUITests.swift in Sources */ = {isa = PBXBuildFile; fileRef = D74C35E81BB8D8AA007B081B /* MemeMeUITests.swift */; };
		D74C35F71BB8F481007B081B /* Meme.swift in Sources */ = {isa = PBXBuildFile; fileRef = D74C35F61BB8F481007B081B /* Meme.swift */; settings = {ASSET_TAGS = (); }; };
/* End PBXBuildFile section */

/* Begin PBXContainerItemProxy section */
		D74C35DA1BB8D8AA007B081B /* PBXContainerItemProxy */ = {
			isa = PBXContainerItemProxy;
			containerPortal = D74C35BD1BB8D8AA007B081B /* Project object */;
			proxyType = 1;
			remoteGlobalIDString = D74C35C41BB8D8AA007B081B;
			remoteInfo = MemeMe;
		};
		D74C35E51BB8D8AA007B081B /* PBXContainerItemProxy */ = {
			isa = PBXContainerItemProxy;
			containerPortal = D74C35BD1BB8D8AA007B081B /* Project object */;
			proxyType = 1;
			remoteGlobalIDString = D74C35C41BB8D8AA007B081B;
			remoteInfo = MemeMe;
		};
/* End PBXContainerItemProxy section */

/* Begin PBXFileReference section */
		D74C35C51BB8D8AA007B081B /* MemeMe.app */ = {isa = PBXFileReference; explicitFileType = wrapper.application; includeInIndex = 0; path = MemeMe.app; sourceTree = BUILT_PRODUCTS_DIR; };
		D74C35C81BB8D8AA007B081B /* AppDelegate.swift */ = {isa = PBXFileReference; lastKnownFileType = sourcecode.swift; path = AppDelegate.swift; sourceTree = "<group>"; };
		D74C35CA1BB8D8AA007B081B /* ViewController.swift */ = {isa = PBXFileReference; lastKnownFileType = sourcecode.swift; path = ViewController.swift; sourceTree = "<group>"; };
		D74C35CD1BB8D8AA007B081B /* Base */ = {isa = PBXFileReference; lastKnownFileType = file.storyboard; name = Base; path = Base.lproj/Main.storyboard; sourceTree = "<group>"; };
		D74C35CF1BB8D8AA007B081B /* Assets.xcassets */ = {isa = PBXFileReference; lastKnownFileType = folder.assetcatalog; path = Assets.xcassets; sourceTree = "<group>"; };
		D74C35D21BB8D8AA007B081B /* Base */ = {isa = PBXFileReference; lastKnownFileType = file.storyboard; name = Base; path = Base.lproj/LaunchScreen.storyboard; sourceTree = "<group>"; };
		D74C35D41BB8D8AA007B081B /* Info.plist */ = {isa = PBXFileReference; lastKnownFileType = text.plist.xml; path = Info.plist; sourceTree = "<group>"; };
		D74C35D91BB8D8AA007B081B /* MemeMeTests.xctest */ = {isa = PBXFileReference; explicitFileType = wrapper.cfbundle; includeInIndex = 0; path = MemeMeTests.xctest; sourceTree = BUILT_PRODUCTS_DIR; };
		D74C35DD1BB8D8AA007B081B /* MemeMeTests.swift */ = {isa = PBXFileReference; lastKnownFileType = sourcecode.swift; path = MemeMeTests.swift; sourceTree = "<group>"; };
		D74C35DF1BB8D8AA007B081B /* Info.plist */ = {isa = PBXFileReference; lastKnownFileType = text.plist.xml; path = Info.plist; sourceTree = "<group>"; };
		D74C35E41BB8D8AA007B081B /* MemeMeUITests.xctest */ = {isa = PBXFileReference; explicitFileType = wrapper.cfbundle; includeInIndex = 0; path = MemeMeUITests.xctest; sourceTree = BUILT_PRODUCTS_DIR; };
		D74C35E81BB8D8AA007B081B /* MemeMeUITests.swift */ = {isa = PBXFileReference; lastKnownFileType = sourcecode.swift; path = MemeMeUITests.swift; sourceTree = "<group>"; };
		D74C35EA1BB8D8AA007B081B /* Info.plist */ = {isa = PBXFileReference; lastKnownFileType = text.plist.xml; path = Info.plist; sourceTree = "<group>"; };
		D74C35F61BB8F481007B081B /* Meme.swift */ = {isa = PBXFileReference; fileEncoding = 4; lastKnownFileType = sourcecode.swift; path = Meme.swift; sourceTree = "<group>"; };
/* End PBXFileReference section */

/* Begin PBXFrameworksBuildPhase section */
		D74C35C21BB8D8AA007B081B /* Frameworks */ = {
			isa = PBXFrameworksBuildPhase;
			buildActionMask = 2147483647;
			files = (
			);
			runOnlyForDeploymentPostprocessing = 0;
		};
		D74C35D61BB8D8AA007B081B /* Frameworks */ = {
			isa = PBXFrameworksBuildPhase;
			buildActionMask = 2147483647;
			files = (
			);
			runOnlyForDeploymentPostprocessing = 0;
		};
		D74C35E11BB8D8AA007B081B /* Frameworks */ = {
			isa = PBXFrameworksBuildPhase;
			buildActionMask = 2147483647;
			files = (
			);
			runOnlyForDeploymentPostprocessing = 0;
		};
/* End PBXFrameworksBuildPhase section */

/* Begin PBXGroup section */
		D74C35BC1BB8D8AA007B081B = {
			isa = PBXGroup;
			children = (
				D74C35C71BB8D8AA007B081B /* MemeMe */,
				D74C35DC1BB8D8AA007B081B /* MemeMeTests */,
				D74C35E71BB8D8AA007B081B /* MemeMeUITests */,
				D74C35C61BB8D8AA007B081B /* Products */,
			);
			sourceTree = "<group>";
		};
		D74C35C61BB8D8AA007B081B /* Products */ = {
			isa = PBXGroup;
			children = (
				D74C35C51BB8D8AA007B081B /* MemeMe.app */,
				D74C35D91BB8D8AA007B081B /* MemeMeTests.xctest */,
				D74C35E41BB8D8AA007B081B /* MemeMeUITests.xctest */,
			);
			name = Products;
			sourceTree = "<group>";
		};
		D74C35C71BB8D8AA007B081B /* MemeMe */ = {
			isa = PBXGroup;
			children = (
				D74C35C81BB8D8AA007B081B /* AppDelegate.swift */,
				D74C35CA1BB8D8AA007B081B /* ViewController.swift */,
				D74C35CC1BB8D8AA007B081B /* Main.storyboard */,
				D74C35CF1BB8D8AA007B081B /* Assets.xcassets */,
				D74C35D11BB8D8AA007B081B /* LaunchScreen.storyboard */,
				D74C35D41BB8D8AA007B081B /* Info.plist */,
				D74C35F61BB8F481007B081B /* Meme.swift */,
			);
			path = MemeMe;
			sourceTree = "<group>";
		};
		D74C35DC1BB8D8AA007B081B /* MemeMeTests */ = {
			isa = PBXGroup;
			children = (
				D74C35DD1BB8D8AA007B081B /* MemeMeTests.swift */,
				D74C35DF1BB8D8AA007B081B /* Info.plist */,
			);
			path = MemeMeTests;
			sourceTree = "<group>";
		};
		D74C35E71BB8D8AA007B081B /* MemeMeUITests */ = {
			isa = PBXGroup;
			children = (
				D74C35E81BB8D8AA007B081B /* MemeMeUITests.swift */,
				D74C35EA1BB8D8AA007B081B /* Info.plist */,
			);
			path = MemeMeUITests;
			sourceTree = "<group>";
		};
/* End PBXGroup section */

/* Begin PBXNativeTarget section */
		D74C35C41BB8D8AA007B081B /* MemeMe */ = {
			isa = PBXNativeTarget;
			buildConfigurationList = D74C35ED1BB8D8AA007B081B /* Build configuration list for PBXNativeTarget "MemeMe" */;
			buildPhases = (
				D74C35C11BB8D8AA007B081B /* Sources */,
				D74C35C21BB8D8AA007B081B /* Frameworks */,
				D74C35C31BB8D8AA007B081B /* Resources */,
			);
			buildRules = (
			);
			dependencies = (
			);
			name = MemeMe;
			productName = MemeMe;
			productReference = D74C35C51BB8D8AA007B081B /* MemeMe.app */;
			productType = "com.apple.product-type.application";
		};
		D74C35D81BB8D8AA007B081B /* MemeMeTests */ = {
			isa = PBXNativeTarget;
			buildConfigurationList = D74C35F01BB8D8AA007B081B /* Build configuration list for PBXNativeTarget "MemeMeTests" */;
			buildPhases = (
				D74C35D51BB8D8AA007B081B /* Sources */,
				D74C35D61BB8D8AA007B081B /* Frameworks */,
				D74C35D71BB8D8AA007B081B /* Resources */,
			);
			buildRules = (
			);
			dependencies = (
				D74C35DB1BB8D8AA007B081B /* PBXTargetDependency */,
			);
			name = MemeMeTests;
			productName = MemeMeTests;
			productReference = D74C35D91BB8D8AA007B081B /* MemeMeTests.xctest */;
			productType = "com.apple.product-type.bundle.unit-test";
		};
		D74C35E31BB8D8AA007B081B /* MemeMeUITests */ = {
			isa = PBXNativeTarget;
			buildConfigurationList = D74C35F31BB8D8AA007B081B /* Build configuration list for PBXNativeTarget "MemeMeUITests" */;
			buildPhases = (
				D74C35E01BB8D8AA007B081B /* Sources */,
				D74C35E11BB8D8AA007B081B /* Frameworks */,
				D74C35E21BB8D8AA007B081B /* Resources */,
			);
			buildRules = (
			);
			dependencies = (
				D74C35E61BB8D8AA007B081B /* PBXTargetDependency */,
			);
			name = MemeMeUITests;
			productName = MemeMeUITests;
			productReference = D74C35E41BB8D8AA007B081B /* MemeMeUITests.xctest */;
			productType = "com.apple.product-type.bundle.ui-testing";
		};
/* End PBXNativeTarget section */

/* Begin PBXProject section */
		D74C35BD1BB8D8AA007B081B /* Project object */ = {
			isa = PBXProject;
			attributes = {
				LastUpgradeCheck = 0700;
				ORGANIZATIONNAME = Knorrium;
				TargetAttributes = {
					D74C35C41BB8D8AA007B081B = {
						CreatedOnToolsVersion = 7.0;
					};
					D74C35D81BB8D8AA007B081B = {
						CreatedOnToolsVersion = 7.0;
						TestTargetID = D74C35C41BB8D8AA007B081B;
					};
					D74C35E31BB8D8AA007B081B = {
						CreatedOnToolsVersion = 7.0;
						TestTargetID = D74C35C41BB8D8AA007B081B;
					};
				};
			};
			buildConfigurationList = D74C35C01BB8D8AA007B081B /* Build configuration list for PBXProject "MemeMe" */;
			compatibilityVersion = "Xcode 3.2";
			developmentRegion = English;
			hasScannedForEncodings = 0;
			knownRegions = (
				en,
				Base,
			);
			mainGroup = D74C35BC1BB8D8AA007B081B;
			productRefGroup = D74C35C61BB8D8AA007B081B /* Products */;
			projectDirPath = "";
			projectRoot = "";
			targets = (
				D74C35C41BB8D8AA007B081B /* MemeMe */,
				D74C35D81BB8D8AA007B081B /* MemeMeTests */,
				D74C35E31BB8D8AA007B081B /* MemeMeUITests */,
			);
		};
/* End PBXProject section */

/* Begin PBXResourcesBuildPhase section */
		D74C35C31BB8D8AA007B081B /* Resources */ = {
			isa = PBXResourcesBuildPhase;
			buildActionMask = 2147483647;
			files = (
				D74C35D31BB8D8AA007B081B /* LaunchScreen.storyboard in Resources */,
				D74C35D01BB8D8AA007B081B /* Assets.xcassets in Resources */,
				D74C35CE1BB8D8AA007B081B /* Main.storyboard in Resources */,
			);
			runOnlyForDeploymentPostprocessing = 0;
		};
		D74C35D71BB8D8AA007B081B /* Resources */ = {
			isa = PBXResourcesBuildPhase;
			buildActionMask = 2147483647;
			files = (
			);
			runOnlyForDeploymentPostprocessing = 0;
		};
		D74C35E21BB8D8AA007B081B /* Resources */ = {
			isa = PBXResourcesBuildPhase;
			buildActionMask = 2147483647;
			files = (
			);
			runOnlyForDeploymentPostprocessing = 0;
		};
/* End PBXResourcesBuildPhase section */

/* Begin PBXSourcesBuildPhase section */
		D74C35C11BB8D8AA007B081B /* Sources */ = {
			isa = PBXSourcesBuildPhase;
			buildActionMask = 2147483647;
			files = (
				D74C35F71BB8F481007B081B /* Meme.swift in Sources */,
				D74C35CB1BB8D8AA007B081B /* ViewController.swift in Sources */,
				D74C35C91BB8D8AA007B081B /* AppDelegate.swift in Sources */,
			);
			runOnlyForDeploymentPostprocessing = 0;
		};
		D74C35D51BB8D8AA007B081B /* Sources */ = {
			isa = PBXSourcesBuildPhase;
			buildActionMask = 2147483647;
			files = (
				D74C35DE1BB8D8AA007B081B /* MemeMeTests.swift in Sources */,
			);
			runOnlyForDeploymentPostprocessing = 0;
		};
		D74C35E01BB8D8AA007B081B /* Sources */ = {
			isa = PBXSourcesBuildPhase;
			buildActionMask = 2147483647;
			files = (
				D74C35E91BB8D8AA007B081B /* MemeMeUITests.swift in Sources */,
			);
			runOnlyForDeploymentPostprocessing = 0;
		};
/* End PBXSourcesBuildPhase section */

/* Begin PBXTargetDependency section */
		D74C35DB1BB8D8AA007B081B /* PBXTargetDependency */ = {
			isa = PBXTargetDependency;
			target = D74C35C41BB8D8AA007B081B /* MemeMe */;
			targetProxy = D74C35DA1BB8D8AA007B081B /* PBXContainerItemProxy */;
		};
		D74C35E61BB8D8AA007B081B /* PBXTargetDependency */ = {
			isa = PBXTargetDependency;
			target = D74C35C41BB8D8AA007B081B /* MemeMe */;
			targetProxy = D74C35E51BB8D8AA007B081B /* PBXContainerItemProxy */;
		};
/* End PBXTargetDependency section */

/* Begin PBXVariantGroup section */
		D74C35CC1BB8D8AA007B081B /* Main.storyboard */ = {
			isa = PBXVariantGroup;
			children = (
				D74C35CD1BB8D8AA007B081B /* Base */,
			);
			name = Main.storyboard;
			sourceTree = "<group>";
		};
		D74C35D11BB8D8AA007B081B /* LaunchScreen.storyboard */ = {
			isa = PBXVariantGroup;
			children = (
				D74C35D21BB8D8AA007B081B /* Base */,
			);
			name = LaunchScreen.storyboard;
			sourceTree = "<group>";
		};
/* End PBXVariantGroup section */

/* Begin XCBuildConfiguration section */
		D74C35EB1BB8D8AA007B081B /* Debug */ = {
			isa = XCBuildConfiguration;
			buildSettings = {
				ALWAYS_SEARCH_USER_PATHS = NO;
				CLANG_CXX_LANGUAGE_STANDARD = "gnu++0x";
				CLANG_CXX_LIBRARY = "libc++";
				CLANG_ENABLE_MODULES = YES;
				CLANG_ENABLE_OBJC_ARC = YES;
				CLANG_WARN_BOOL_CONVERSION = YES;
				CLANG_WARN_CONSTANT_CONVERSION = YES;
				CLANG_WARN_DIRECT_OBJC_ISA_USAGE = YES_ERROR;
				CLANG_WARN_EMPTY_BODY = YES;
				CLANG_WARN_ENUM_CONVERSION = YES;
				CLANG_WARN_INT_CONVERSION = YES;
				CLANG_WARN_OBJC_ROOT_CLASS = YES_ERROR;
				CLANG_WARN_UNREACHABLE_CODE = YES;
				CLANG_WARN__DUPLICATE_METHOD_MATCH = YES;
				"CODE_SIGN_IDENTITY[sdk=iphoneos*]" = "iPhone Developer";
				COPY_PHASE_STRIP = NO;
				DEBUG_INFORMATION_FORMAT = dwarf;
				ENABLE_STRICT_OBJC_MSGSEND = YES;
				ENABLE_TESTABILITY = YES;
				GCC_C_LANGUAGE_STANDARD = gnu99;
				GCC_DYNAMIC_NO_PIC = NO;
				GCC_NO_COMMON_BLOCKS = YES;
				GCC_OPTIMIZATION_LEVEL = 0;
				GCC_PREPROCESSOR_DEFINITIONS = (
					"DEBUG=1",
					"$(inherited)",
				);
				GCC_WARN_64_TO_32_BIT_CONVERSION = YES;
				GCC_WARN_ABOUT_RETURN_TYPE = YES_ERROR;
				GCC_WARN_UNDECLARED_SELECTOR = YES;
				GCC_WARN_UNINITIALIZED_AUTOS = YES_AGGRESSIVE;
				GCC_WARN_UNUSED_FUNCTION = YES;
				GCC_WARN_UNUSED_VARIABLE = YES;
				IPHONEOS_DEPLOYMENT_TARGET = 9.0;
				MTL_ENABLE_DEBUG_INFO = YES;
				ONLY_ACTIVE_ARCH = YES;
				SDKROOT = iphoneos;
				SWIFT_OPTIMIZATION_LEVEL = "-Onone";
			};
			name = Debug;
		};
		D74C35EC1BB8D8AA007B081B /* Release */ = {
			isa = XCBuildConfiguration;
			buildSettings = {
				ALWAYS_SEARCH_USER_PATHS = NO;
				CLANG_CXX_LANGUAGE_STANDARD = "gnu++0x";
				CLANG_CXX_LIBRARY = "libc++";
				CLANG_ENABLE_MODULES = YES;
				CLANG_ENABLE_OBJC_ARC = YES;
				CLANG_WARN_BOOL_CONVERSION = YES;
				CLANG_WARN_CONSTANT_CONVERSION = YES;
				CLANG_WARN_DIRECT_OBJC_ISA_USAGE = YES_ERROR;
				CLANG_WARN_EMPTY_BODY = YES;
				CLANG_WARN_ENUM_CONVERSION = YES;
				CLANG_WARN_INT_CONVERSION = YES;
				CLANG_WARN_OBJC_ROOT_CLASS = YES_ERROR;
				CLANG_WARN_UNREACHABLE_CODE = YES;
				CLANG_WARN__DUPLICATE_METHOD_MATCH = YES;
				"CODE_SIGN_IDENTITY[sdk=iphoneos*]" = "iPhone Developer";
				COPY_PHASE_STRIP = NO;
				DEBUG_INFORMATION_FORMAT = "dwarf-with-dsym";
				ENABLE_NS_ASSERTIONS = NO;
				ENABLE_STRICT_OBJC_MSGSEND = YES;
				GCC_C_LANGUAGE_STANDARD = gnu99;
				GCC_NO_COMMON_BLOCKS = YES;
				GCC_WARN_64_TO_32_BIT_CONVERSION = YES;
				GCC_WARN_ABOUT_RETURN_TYPE = YES_ERROR;
				GCC_WARN_UNDECLARED_SELECTOR = YES;
				GCC_WARN_UNINITIALIZED_AUTOS = YES_AGGRESSIVE;
				GCC_WARN_UNUSED_FUNCTION = YES;
				GCC_WARN_UNUSED_VARIABLE = YES;
				IPHONEOS_DEPLOYMENT_TARGET = 9.0;
				MTL_ENABLE_DEBUG_INFO = NO;
				SDKROOT = iphoneos;
				VALIDATE_PRODUCT = YES;
			};
			name = Release;
		};
		D74C35EE1BB8D8AA007B081B /* Debug */ = {
			isa = XCBuildConfiguration;
			buildSettings = {
				ASSETCATALOG_COMPILER_APPICON_NAME = AppIcon;
				INFOPLIST_FILE = MemeMe/Info.plist;
				LD_RUNPATH_SEARCH_PATHS = "$(inherited) @executable_path/Frameworks";
				PRODUCT_BUNDLE_IDENTIFIER = info.knorrium.MemeMe;
				PRODUCT_NAME = "$(TARGET_NAME)";
			};
			name = Debug;
		};
		D74C35EF1BB8D8AA007B081B /* Release */ = {
			isa = XCBuildConfiguration;
			buildSettings = {
				ASSETCATALOG_COMPILER_APPICON_NAME = AppIcon;
				INFOPLIST_FILE = MemeMe/Info.plist;
				LD_RUNPATH_SEARCH_PATHS = "$(inherited) @executable_path/Frameworks";
				PRODUCT_BUNDLE_IDENTIFIER = info.knorrium.MemeMe;
				PRODUCT_NAME = "$(TARGET_NAME)";
			};
			name = Release;
		};
		D74C35F11BB8D8AA007B081B /* Debug */ = {
			isa = XCBuildConfiguration;
			buildSettings = {
				BUNDLE_LOADER = "$(TEST_HOST)";
				INFOPLIST_FILE = MemeMeTests/Info.plist;
				LD_RUNPATH_SEARCH_PATHS = "$(inherited) @executable_path/Frameworks @loader_path/Frameworks";
				PRODUCT_BUNDLE_IDENTIFIER = info.knorrium.MemeMeTests;
				PRODUCT_NAME = "$(TARGET_NAME)";
				TEST_HOST = "$(BUILT_PRODUCTS_DIR)/MemeMe.app/MemeMe";
			};
			name = Debug;
		};
		D74C35F21BB8D8AA007B081B /* Release */ = {
			isa = XCBuildConfiguration;
			buildSettings = {
				BUNDLE_LOADER = "$(TEST_HOST)";
				INFOPLIST_FILE = MemeMeTests/Info.plist;
				LD_RUNPATH_SEARCH_PATHS = "$(inherited) @executable_path/Frameworks @loader_path/Frameworks";
				PRODUCT_BUNDLE_IDENTIFIER = info.knorrium.MemeMeTests;
				PRODUCT_NAME = "$(TARGET_NAME)";
				TEST_HOST = "$(BUILT_PRODUCTS_DIR)/MemeMe.app/MemeMe";
			};
			name = Release;
		};
		D74C35F41BB8D8AA007B081B /* Debug */ = {
			isa = XCBuildConfiguration;
			buildSettings = {
				INFOPLIST_FILE = MemeMeUITests/Info.plist;
				LD_RUNPATH_SEARCH_PATHS = "$(inherited) @executable_path/Frameworks @loader_path/Frameworks";
				PRODUCT_BUNDLE_IDENTIFIER = info.knorrium.MemeMeUITests;
				PRODUCT_NAME = "$(TARGET_NAME)";
				TEST_TARGET_NAME = MemeMe;
				USES_XCTRUNNER = YES;
			};
			name = Debug;
		};
		D74C35F51BB8D8AA007B081B /* Release */ = {
			isa = XCBuildConfiguration;
			buildSettings = {
				INFOPLIST_FILE = MemeMeUITests/Info.plist;
				LD_RUNPATH_SEARCH_PATHS = "$(inherited) @executable_path/Frameworks @loader_path/Frameworks";
				PRODUCT_BUNDLE_IDENTIFIER = info.knorrium.MemeMeUITests;
				PRODUCT_NAME = "$(TARGET_NAME)";
				TEST_TARGET_NAME = MemeMe;
				USES_XCTRUNNER = YES;
			};
			name = Release;
		};
/* End XCBuildConfiguration section */

/* Begin XCConfigurationList section */
		D74C35C01BB8D8AA007B081B /* Build configuration list for PBXProject "MemeMe" */ = {
			isa = XCConfigurationList;
			buildConfigurations = (
				D74C35EB1BB8D8AA007B081B /* Debug */,
				D74C35EC1BB8D8AA007B081B /* Release */,
			);
			defaultConfigurationIsVisible = 0;
			defaultConfigurationName = Release;
		};
		D74C35ED1BB8D8AA007B081B /* Build configuration list for PBXNativeTarget "MemeMe" */ = {
			isa = XCConfigurationList;
			buildConfigurations = (
				D74C35EE1BB8D8AA007B081B /* Debug */,
				D74C35EF1BB8D8AA007B081B /* Release */,
			);
			defaultConfigurationIsVisible = 0;
		};
		D74C35F01BB8D8AA007B081B /* Build configuration list for PBXNativeTarget "MemeMeTests" */ = {
			isa = XCConfigurationList;
			buildConfigurations = (
				D74C35F11BB8D8AA007B081B /* Debug */,
				D74C35F21BB8D8AA007B081B /* Release */,
			);
			defaultConfigurationIsVisible = 0;
		};
		D74C35F31BB8D8AA007B081B /* Build configuration list for PBXNativeTarget "MemeMeUITests" */ = {
			isa = XCConfigurationList;
			buildConfigurations = (
				D74C35F41BB8D8AA007B081B /* Debug */,
				D74C35F51BB8D8AA007B081B /* Release */,
			);
			defaultConfigurationIsVisible = 0;
		};
/* End XCConfigurationList section */
	};
	rootObject = D74C35BD1BB8D8AA007B081B /* Project object */;
}
